
Microsoft Visual Studio Solution File, Format Version 12.00
# Visual Studio Version 17
VisualStudioVersion = 17.3.32922.545
MinimumVisualStudioVersion = 10.0.40219.1
Project("{FAE04EC0-301F-11D3-BF4B-00C04F79EFBC}") = "WCFBehaviorsConsoleApp", "WCFBehaviorsConsoleApp\WCFBehaviorsConsoleApp.csproj", "{A1D523E6-A703-40DC-8412-D51822B8B22C}"
EndProject
Global
	GlobalSection(SolutionConfigurationPlatforms) = preSolution
		Debug|Any CPU = Debug|Any CPU
		Release|Any CPU = Release|Any CPU
	EndGlobalSection
	GlobalSection(ProjectConfigurationPlatforms) = postSolution
		{A1D523E6-A703-40DC-8412-D51822B8B22C}.Debug|Any CPU.ActiveCfg = Debug|Any CPU
		{A1D523E6-A703-40DC-8412-D51822B8B22C}.Debug|Any CPU.Build.0 = Debug|Any CPU
		{A1D523E6-A703-40DC-8412-D51822B8B22C}.Release|Any CPU.ActiveCfg = Release|Any CPU
		{A1D523E6-A703-40DC-8412-D51822B8B22C}.Release|Any CPU.Build.0 = Release|Any CPU
	EndGlobalSection
	GlobalSection(SolutionProperties) = preSolution
		HideSolutionNode = FALSE
	EndGlobalSection
	GlobalSection(ExtensibilityGlobals) = postSolution
		SolutionGuid = {6C0D2E60-2739-4C3E-ACF5-01FB4BD8ACC6}
	EndGlobalSection
EndGlobal
